// !$*UTF8*$!
{
	archiveVersion = 1;
	classes = {
	};
	objectVersion = 56;
	objects = {

/* Begin PBXBuildFile section */
		2354C4A92A3890C70091A511 /* AppDelegate.swift in Sources */ = {isa = PBXBuildFile; fileRef = 2354C4A82A3890C70091A511 /* AppDelegate.swift */; };
		2354C4AB2A3890C70091A511 /* SceneDelegate.swift in Sources */ = {isa = PBXBuildFile; fileRef = 2354C4AA2A3890C70091A511 /* SceneDelegate.swift */; };
		2354C4AD2A3890C70091A511 /* ViewController.swift in Sources */ = {isa = PBXBuildFile; fileRef = 2354C4AC2A3890C70091A511 /* ViewController.swift */; };
		2354C4B02A3890C70091A511 /* Main.storyboard in Resources */ = {isa = PBXBuildFile; fileRef = 2354C4AE2A3890C70091A511 /* Main.storyboard */; };
		2354C4B22A3890C80091A511 /* Assets.xcassets in Resources */ = {isa = PBXBuildFile; fileRef = 2354C4B12A3890C80091A511 /* Assets.xcassets */; };
		2354C4B52A3890C80091A511 /* LaunchScreen.storyboard in Resources */ = {isa = PBXBuildFile; fileRef = 2354C4B32A3890C80091A511 /* LaunchScreen.storyboard */; };
		2354C4C02A3890C80091A511 /* testMVVM2Tests.swift in Sources */ = {isa = PBXBuildFile; fileRef = 2354C4BF2A3890C80091A511 /* testMVVM2Tests.swift */; };
		2354C4CA2A3890C80091A511 /* testMVVM2UITests.swift in Sources */ = {isa = PBXBuildFile; fileRef = 2354C4C92A3890C80091A511 /* testMVVM2UITests.swift */; };
		2354C4CC2A3890C80091A511 /* testMVVM2UITestsLaunchTests.swift in Sources */ = {isa = PBXBuildFile; fileRef = 2354C4CB2A3890C80091A511 /* testMVVM2UITestsLaunchTests.swift */; };
/* End PBXBuildFile section */

/* Begin PBXContainerItemProxy section */
		2354C4BC2A3890C80091A511 /* PBXContainerItemProxy */ = {
			isa = PBXContainerItemProxy;
			containerPortal = 2354C49D2A3890C70091A511 /* Project object */;
			proxyType = 1;
			remoteGlobalIDString = 2354C4A42A3890C70091A511;
			remoteInfo = testMVVM2;
		};
		2354C4C62A3890C80091A511 /* PBXContainerItemProxy */ = {
			isa = PBXContainerItemProxy;
			containerPortal = 2354C49D2A3890C70091A511 /* Project object */;
			proxyType = 1;
			remoteGlobalIDString = 2354C4A42A3890C70091A511;
			remoteInfo = testMVVM2;
		};
/* End PBXContainerItemProxy section */

/* Begin PBXFileReference section */
		2354C4A52A3890C70091A511 /* testMVVM2.app */ = {isa = PBXFileReference; explicitFileType = wrapper.application; includeInIndex = 0; path = testMVVM2.app; sourceTree = BUILT_PRODUCTS_DIR; };
		2354C4A82A3890C70091A511 /* AppDelegate.swift */ = {isa = PBXFileReference; lastKnownFileType = sourcecode.swift; path = AppDelegate.swift; sourceTree = "<group>"; };
		2354C4AA2A3890C70091A511 /* SceneDelegate.swift */ = {isa = PBXFileReference; lastKnownFileType = sourcecode.swift; path = SceneDelegate.swift; sourceTree = "<group>"; };
		2354C4AC2A3890C70091A511 /* ViewController.swift */ = {isa = PBXFileReference; lastKnownFileType = sourcecode.swift; path = ViewController.swift; sourceTree = "<group>"; };
		2354C4AF2A3890C70091A511 /* Base */ = {isa = PBXFileReference; lastKnownFileType = file.storyboard; name = Base; path = Base.lproj/Main.storyboard; sourceTree = "<group>"; };
		2354C4B12A3890C80091A511 /* Assets.xcassets */ = {isa = PBXFileReference; lastKnownFileType = folder.assetcatalog; path = Assets.xcassets; sourceTree = "<group>"; };
		2354C4B42A3890C80091A511 /* Base */ = {isa = PBXFileReference; lastKnownFileType = file.storyboard; name = Base; path = Base.lproj/LaunchScreen.storyboard; sourceTree = "<group>"; };
		2354C4B62A3890C80091A511 /* Info.plist */ = {isa = PBXFileReference; lastKnownFileType = text.plist.xml; path = Info.plist; sourceTree = "<group>"; };
		2354C4BB2A3890C80091A511 /* testMVVM2Tests.xctest */ = {isa = PBXFileReference; explicitFileType = wrapper.cfbundle; includeInIndex = 0; path = testMVVM2Tests.xctest; sourceTree = BUILT_PRODUCTS_DIR; };
		2354C4BF2A3890C80091A511 /* testMVVM2Tests.swift */ = {isa = PBXFileReference; lastKnownFileType = sourcecode.swift; path = testMVVM2Tests.swift; sourceTree = "<group>"; };
		2354C4C52A3890C80091A511 /* testMVVM2UITests.xctest */ = {isa = PBXFileReference; explicitFileType = wrapper.cfbundle; includeInIndex = 0; path = testMVVM2UITests.xctest; sourceTree = BUILT_PRODUCTS_DIR; };
		2354C4C92A3890C80091A511 /* testMVVM2UITests.swift */ = {isa = PBXFileReference; lastKnownFileType = sourcecode.swift; path = testMVVM2UITests.swift; sourceTree = "<group>"; };
		2354C4CB2A3890C80091A511 /* testMVVM2UITestsLaunchTests.swift */ = {isa = PBXFileReference; lastKnownFileType = sourcecode.swift; path = testMVVM2UITestsLaunchTests.swift; sourceTree = "<group>"; };
/* End PBXFileReference section */

/* Begin PBXFrameworksBuildPhase section */
		2354C4A22A3890C70091A511 /* Frameworks */ = {
			isa = PBXFrameworksBuildPhase;
			buildActionMask = 2147483647;
			files = (
			);
			runOnlyForDeploymentPostprocessing = 0;
		};
		2354C4B82A3890C80091A511 /* Frameworks */ = {
			isa = PBXFrameworksBuildPhase;
			buildActionMask = 2147483647;
			files = (
			);
			runOnlyForDeploymentPostprocessing = 0;
		};
		2354C4C22A3890C80091A511 /* Frameworks */ = {
			isa = PBXFrameworksBuildPhase;
			buildActionMask = 2147483647;
			files = (
			);
			runOnlyForDeploymentPostprocessing = 0;
		};
/* End PBXFrameworksBuildPhase section */

/* Begin PBXGroup section */
		2354C49C2A3890C70091A511 = {
			isa = PBXGroup;
			children = (
				2354C4A72A3890C70091A511 /* testMVVM2 */,
				2354C4BE2A3890C80091A511 /* testMVVM2Tests */,
				2354C4C82A3890C80091A511 /* testMVVM2UITests */,
				2354C4A62A3890C70091A511 /* Products */,
			);
			sourceTree = "<group>";
		};
		2354C4A62A3890C70091A511 /* Products */ = {
			isa = PBXGroup;
			children = (
				2354C4A52A3890C70091A511 /* testMVVM2.app */,
				2354C4BB2A3890C80091A511 /* testMVVM2Tests.xctest */,
				2354C4C52A3890C80091A511 /* testMVVM2UITests.xctest */,
			);
			name = Products;
			sourceTree = "<group>";
		};
		2354C4A72A3890C70091A511 /* testMVVM2 */ = {
			isa = PBXGroup;
			children = (
				2354C4A82A3890C70091A511 /* AppDelegate.swift */,
				2354C4AA2A3890C70091A511 /* SceneDelegate.swift */,
				2354C4AC2A3890C70091A511 /* ViewController.swift */,
				2354C4AE2A3890C70091A511 /* Main.storyboard */,
				2354C4B12A3890C80091A511 /* Assets.xcassets */,
				2354C4B32A3890C80091A511 /* LaunchScreen.storyboard */,
				2354C4B62A3890C80091A511 /* Info.plist */,
			);
			path = testMVVM2;
			sourceTree = "<group>";
		};
		2354C4BE2A3890C80091A511 /* testMVVM2Tests */ = {
			isa = PBXGroup;
			children = (
				2354C4BF2A3890C80091A511 /* testMVVM2Tests.swift */,
			);
			path = testMVVM2Tests;
			sourceTree = "<group>";
		};
		2354C4C82A3890C80091A511 /* testMVVM2UITests */ = {
			isa = PBXGroup;
			children = (
				2354C4C92A3890C80091A511 /* testMVVM2UITests.swift */,
				2354C4CB2A3890C80091A511 /* testMVVM2UITestsLaunchTests.swift */,
			);
			path = testMVVM2UITests;
			sourceTree = "<group>";
		};
/* End PBXGroup section */

/* Begin PBXNativeTarget section */
		2354C4A42A3890C70091A511 /* testMVVM2 */ = {
			isa = PBXNativeTarget;
			buildConfigurationList = 2354C4CF2A3890C80091A511 /* Build configuration list for PBXNativeTarget "testMVVM2" */;
			buildPhases = (
				2354C4A12A3890C70091A511 /* Sources */,
				2354C4A22A3890C70091A511 /* Frameworks */,
				2354C4A32A3890C70091A511 /* Resources */,
			);
			buildRules = (
			);
			dependencies = (
			);
			name = testMVVM2;
			productName = testMVVM2;
			productReference = 2354C4A52A3890C70091A511 /* testMVVM2.app */;
			productType = "com.apple.product-type.application";
		};
		2354C4BA2A3890C80091A511 /* testMVVM2Tests */ = {
			isa = PBXNativeTarget;
			buildConfigurationList = 2354C4D22A3890C80091A511 /* Build configuration list for PBXNativeTarget "testMVVM2Tests" */;
			buildPhases = (
				2354C4B72A3890C80091A511 /* Sources */,
				2354C4B82A3890C80091A511 /* Frameworks */,
				2354C4B92A3890C80091A511 /* Resources */,
			);
			buildRules = (
			);
			dependencies = (
				2354C4BD2A3890C80091A511 /* PBXTargetDependency */,
			);
			name = testMVVM2Tests;
			productName = testMVVM2Tests;
			productReference = 2354C4BB2A3890C80091A511 /* testMVVM2Tests.xctest */;
			productType = "com.apple.product-type.bundle.unit-test";
		};
		2354C4C42A3890C80091A511 /* testMVVM2UITests */ = {
			isa = PBXNativeTarget;
			buildConfigurationList = 2354C4D52A3890C80091A511 /* Build configuration list for PBXNativeTarget "testMVVM2UITests" */;
			buildPhases = (
				2354C4C12A3890C80091A511 /* Sources */,
				2354C4C22A3890C80091A511 /* Frameworks */,
				2354C4C32A3890C80091A511 /* Resources */,
			);
			buildRules = (
			);
			dependencies = (
				2354C4C72A3890C80091A511 /* PBXTargetDependency */,
			);
			name = testMVVM2UITests;
			productName = testMVVM2UITests;
			productReference = 2354C4C52A3890C80091A511 /* testMVVM2UITests.xctest */;
			productType = "com.apple.product-type.bundle.ui-testing";
		};
/* End PBXNativeTarget section */

/* Begin PBXProject section */
		2354C49D2A3890C70091A511 /* Project object */ = {
			isa = PBXProject;
			attributes = {
				BuildIndependentTargetsInParallel = 1;
				LastSwiftUpdateCheck = 1420;
				LastUpgradeCheck = 1420;
				TargetAttributes = {
					2354C4A42A3890C70091A511 = {
						CreatedOnToolsVersion = 14.2;
					};
					2354C4BA2A3890C80091A511 = {
						CreatedOnToolsVersion = 14.2;
						TestTargetID = 2354C4A42A3890C70091A511;
					};
					2354C4C42A3890C80091A511 = {
						CreatedOnToolsVersion = 14.2;
						TestTargetID = 2354C4A42A3890C70091A511;
					};
				};
			};
			buildConfigurationList = 2354C4A02A3890C70091A511 /* Build configuration list for PBXProject "testMVVM2" */;
			compatibilityVersion = "Xcode 14.0";
			developmentRegion = en;
			hasScannedForEncodings = 0;
			knownRegions = (
				en,
				Base,
			);
			mainGroup = 2354C49C2A3890C70091A511;
			productRefGroup = 2354C4A62A3890C70091A511 /* Products */;
			projectDirPath = "";
			projectRoot = "";
			targets = (
				2354C4A42A3890C70091A511 /* testMVVM2 */,
				2354C4BA2A3890C80091A511 /* testMVVM2Tests */,
				2354C4C42A3890C80091A511 /* testMVVM2UITests */,
			);
		};
/* End PBXProject section */

/* Begin PBXResourcesBuildPhase section */
		2354C4A32A3890C70091A511 /* Resources */ = {
			isa = PBXResourcesBuildPhase;
			buildActionMask = 2147483647;
			files = (
				2354C4B52A3890C80091A511 /* LaunchScreen.storyboard in Resources */,
				2354C4B22A3890C80091A511 /* Assets.xcassets in Resources */,
				2354C4B02A3890C70091A511 /* Main.storyboard in Resources */,
			);
			runOnlyForDeploymentPostprocessing = 0;
		};
		2354C4B92A3890C80091A511 /* Resources */ = {
			isa = PBXResourcesBuildPhase;
			buildActionMask = 2147483647;
			files = (
			);
			runOnlyForDeploymentPostprocessing = 0;
		};
		2354C4C32A3890C80091A511 /* Resources */ = {
			isa = PBXResourcesBuildPhase;
			buildActionMask = 2147483647;
			files = (
			);
			runOnlyForDeploymentPostprocessing = 0;
		};
/* End PBXResourcesBuildPhase section */

/* Begin PBXSourcesBuildPhase section */
		2354C4A12A3890C70091A511 /* Sources */ = {
			isa = PBXSourcesBuildPhase;
			buildActionMask = 2147483647;
			files = (
				2354C4AD2A3890C70091A511 /* ViewController.swift in Sources */,
				2354C4A92A3890C70091A511 /* AppDelegate.swift in Sources */,
				2354C4AB2A3890C70091A511 /* SceneDelegate.swift in Sources */,
			);
			runOnlyForDeploymentPostprocessing = 0;
		};
		2354C4B72A3890C80091A511 /* Sources */ = {
			isa = PBXSourcesBuildPhase;
			buildActionMask = 2147483647;
			files = (
				2354C4C02A3890C80091A511 /* testMVVM2Tests.swift in Sources */,
			);
			runOnlyForDeploymentPostprocessing = 0;
		};
		2354C4C12A3890C80091A511 /* Sources */ = {
			isa = PBXSourcesBuildPhase;
			buildActionMask = 2147483647;
			files = (
				2354C4CA2A3890C80091A511 /* testMVVM2UITests.swift in Sources */,
				2354C4CC2A3890C80091A511 /* testMVVM2UITestsLaunchTests.swift in Sources */,
			);
			runOnlyForDeploymentPostprocessing = 0;
		};
/* End PBXSourcesBuildPhase section */

/* Begin PBXTargetDependency section */
		2354C4BD2A3890C80091A511 /* PBXTargetDependency */ = {
			isa = PBXTargetDependency;
			target = 2354C4A42A3890C70091A511 /* testMVVM2 */;
			targetProxy = 2354C4BC2A3890C80091A511 /* PBXContainerItemProxy */;
		};
		2354C4C72A3890C80091A511 /* PBXTargetDependency */ = {
			isa = PBXTargetDependency;
			target = 2354C4A42A3890C70091A511 /* testMVVM2 */;
			targetProxy = 2354C4C62A3890C80091A511 /* PBXContainerItemProxy */;
		};
/* End PBXTargetDependency section */

/* Begin PBXVariantGroup section */
		2354C4AE2A3890C70091A511 /* Main.storyboard */ = {
			isa = PBXVariantGroup;
			children = (
				2354C4AF2A3890C70091A511 /* Base */,
			);
			name = Main.storyboard;
			sourceTree = "<group>";
		};
		2354C4B32A3890C80091A511 /* LaunchScreen.storyboard */ = {
			isa = PBXVariantGroup;
			children = (
				2354C4B42A3890C80091A511 /* Base */,
			);
			name = LaunchScreen.storyboard;
			sourceTree = "<group>";
		};
/* End PBXVariantGroup section */

/* Begin XCBuildConfiguration section */
		2354C4CD2A3890C80091A511 /* Debug */ = {
			isa = XCBuildConfiguration;
			buildSettings = {
				ALWAYS_SEARCH_USER_PATHS = NO;
				CLANG_ANALYZER_NONNULL = YES;
				CLANG_ANALYZER_NUMBER_OBJECT_CONVERSION = YES_AGGRESSIVE;
				CLANG_CXX_LANGUAGE_STANDARD = "gnu++20";
				CLANG_ENABLE_MODULES = YES;
				CLANG_ENABLE_OBJC_ARC = YES;
				CLANG_ENABLE_OBJC_WEAK = YES;
				CLANG_WARN_BLOCK_CAPTURE_AUTORELEASING = YES;
				CLANG_WARN_BOOL_CONVERSION = YES;
				CLANG_WARN_COMMA = YES;
				CLANG_WARN_CONSTANT_CONVERSION = YES;
				CLANG_WARN_DEPRECATED_OBJC_IMPLEMENTATIONS = YES;
				CLANG_WARN_DIRECT_OBJC_ISA_USAGE = YES_ERROR;
				CLANG_WARN_DOCUMENTATION_COMMENTS = YES;
				CLANG_WARN_EMPTY_BODY = YES;
				CLANG_WARN_ENUM_CONVERSION = YES;
				CLANG_WARN_INFINITE_RECURSION = YES;
				CLANG_WARN_INT_CONVERSION = YES;
				CLANG_WARN_NON_LITERAL_NULL_CONVERSION = YES;
				CLANG_WARN_OBJC_IMPLICIT_RETAIN_SELF = YES;
				CLANG_WARN_OBJC_LITERAL_CONVERSION = YES;
				CLANG_WARN_OBJC_ROOT_CLASS = YES_ERROR;
				CLANG_WARN_QUOTED_INCLUDE_IN_FRAMEWORK_HEADER = YES;
				CLANG_WARN_RANGE_LOOP_ANALYSIS = YES;
				CLANG_WARN_STRICT_PROTOTYPES = YES;
				CLANG_WARN_SUSPICIOUS_MOVE = YES;
				CLANG_WARN_UNGUARDED_AVAILABILITY = YES_AGGRESSIVE;
				CLANG_WARN_UNREACHABLE_CODE = YES;
				CLANG_WARN__DUPLICATE_METHOD_MATCH = YES;
				COPY_PHASE_STRIP = NO;
				DEBUG_INFORMATION_FORMAT = dwarf;
				ENABLE_STRICT_OBJC_MSGSEND = YES;
				ENABLE_TESTABILITY = YES;
				GCC_C_LANGUAGE_STANDARD = gnu11;
				GCC_DYNAMIC_NO_PIC = NO;
				GCC_NO_COMMON_BLOCKS = YES;
				GCC_OPTIMIZATION_LEVEL = 0;
				GCC_PREPROCESSOR_DEFINITIONS = (
					"DEBUG=1",
					"$(inherited)",
				);
				GCC_WARN_64_TO_32_BIT_CONVERSION = YES;
				GCC_WARN_ABOUT_RETURN_TYPE = YES_ERROR;
				GCC_WARN_UNDECLARED_SELECTOR = YES;
				GCC_WARN_UNINITIALIZED_AUTOS = YES_AGGRESSIVE;
				GCC_WARN_UNUSED_FUNCTION = YES;
				GCC_WARN_UNUSED_VARIABLE = YES;
				IPHONEOS_DEPLOYMENT_TARGET = 16.2;
				MTL_ENABLE_DEBUG_INFO = INCLUDE_SOURCE;
				MTL_FAST_MATH = YES;
				ONLY_ACTIVE_ARCH = YES;
				SDKROOT = iphoneos;
				SWIFT_ACTIVE_COMPILATION_CONDITIONS = DEBUG;
				SWIFT_OPTIMIZATION_LEVEL = "-Onone";
			};
			name = Debug;
		};
		2354C4CE2A3890C80091A511 /* Release */ = {
			isa = XCBuildConfiguration;
			buildSettings = {
				ALWAYS_SEARCH_USER_PATHS = NO;
				CLANG_ANALYZER_NONNULL = YES;
				CLANG_ANALYZER_NUMBER_OBJECT_CONVERSION = YES_AGGRESSIVE;
				CLANG_CXX_LANGUAGE_STANDARD = "gnu++20";
				CLANG_ENABLE_MODULES = YES;
				CLANG_ENABLE_OBJC_ARC = YES;
				CLANG_ENABLE_OBJC_WEAK = YES;
				CLANG_WARN_BLOCK_CAPTURE_AUTORELEASING = YES;
				CLANG_WARN_BOOL_CONVERSION = YES;
				CLANG_WARN_COMMA = YES;
				CLANG_WARN_CONSTANT_CONVERSION = YES;
				CLANG_WARN_DEPRECATED_OBJC_IMPLEMENTATIONS = YES;
				CLANG_WARN_DIRECT_OBJC_ISA_USAGE = YES_ERROR;
				CLANG_WARN_DOCUMENTATION_COMMENTS = YES;
				CLANG_WARN_EMPTY_BODY = YES;
				CLANG_WARN_ENUM_CONVERSION = YES;
				CLANG_WARN_INFINITE_RECURSION = YES;
				CLANG_WARN_INT_CONVERSION = YES;
				CLANG_WARN_NON_LITERAL_NULL_CONVERSION = YES;
				CLANG_WARN_OBJC_IMPLICIT_RETAIN_SELF = YES;
				CLANG_WARN_OBJC_LITERAL_CONVERSION = YES;
				CLANG_WARN_OBJC_ROOT_CLASS = YES_ERROR;
				CLANG_WARN_QUOTED_INCLUDE_IN_FRAMEWORK_HEADER = YES;
				CLANG_WARN_RANGE_LOOP_ANALYSIS = YES;
				CLANG_WARN_STRICT_PROTOTYPES = YES;
				CLANG_WARN_SUSPICIOUS_MOVE = YES;
				CLANG_WARN_UNGUARDED_AVAILABILITY = YES_AGGRESSIVE;
				CLANG_WARN_UNREACHABLE_CODE = YES;
				CLANG_WARN__DUPLICATE_METHOD_MATCH = YES;
				COPY_PHASE_STRIP = NO;
				DEBUG_INFORMATION_FORMAT = "dwarf-with-dsym";
				ENABLE_NS_ASSERTIONS = NO;
				ENABLE_STRICT_OBJC_MSGSEND = YES;
				GCC_C_LANGUAGE_STANDARD = gnu11;
				GCC_NO_COMMON_BLOCKS = YES;
				GCC_WARN_64_TO_32_BIT_CONVERSION = YES;
				GCC_WARN_ABOUT_RETURN_TYPE = YES_ERROR;
				GCC_WARN_UNDECLARED_SELECTOR = YES;
				GCC_WARN_UNINITIALIZED_AUTOS = YES_AGGRESSIVE;
				GCC_WARN_UNUSED_FUNCTION = YES;
				GCC_WARN_UNUSED_VARIABLE = YES;
				IPHONEOS_DEPLOYMENT_TARGET = 16.2;
				MTL_ENABLE_DEBUG_INFO = NO;
				MTL_FAST_MATH = YES;
				SDKROOT = iphoneos;
				SWIFT_COMPILATION_MODE = wholemodule;
				SWIFT_OPTIMIZATION_LEVEL = "-O";
				VALIDATE_PRODUCT = YES;
			};
			name = Release;
		};
		2354C4D02A3890C80091A511 /* Debug */ = {
			isa = XCBuildConfiguration;
			buildSettings = {
				ASSETCATALOG_COMPILER_APPICON_NAME = AppIcon;
				ASSETCATALOG_COMPILER_GLOBAL_ACCENT_COLOR_NAME = AccentColor;
				CODE_SIGN_STYLE = Automatic;
				CURRENT_PROJECT_VERSION = 1;
				DEVELOPMENT_TEAM = 3YQX667AM4;
				GENERATE_INFOPLIST_FILE = YES;
				INFOPLIST_FILE = testMVVM2/Info.plist;
				INFOPLIST_KEY_UIApplicationSupportsIndirectInputEvents = YES;
				INFOPLIST_KEY_UILaunchStoryboardName = LaunchScreen;
				INFOPLIST_KEY_UIMainStoryboardFile = Main;
				INFOPLIST_KEY_UISupportedInterfaceOrientations_iPad = "UIInterfaceOrientationPortrait UIInterfaceOrientationPortraitUpsideDown UIInterfaceOrientationLandscapeLeft UIInterfaceOrientationLandscapeRight";
				INFOPLIST_KEY_UISupportedInterfaceOrientations_iPhone = "UIInterfaceOrientationPortrait UIInterfaceOrientationLandscapeLeft UIInterfaceOrientationLandscapeRight";
				LD_RUNPATH_SEARCH_PATHS = (
					"$(inherited)",
					"@executable_path/Frameworks",
				);
				MARKETING_VERSION = 1.0;
				PRODUCT_BUNDLE_IDENTIFIER = com.musictheater.testMVVM2;
				PRODUCT_NAME = "$(TARGET_NAME)";
				SWIFT_EMIT_LOC_STRINGS = YES;
				SWIFT_VERSION = 5.0;
				TARGETED_DEVICE_FAMILY = "1,2";
			};
			name = Debug;
		};
		2354C4D12A3890C80091A511 /* Release */ = {
			isa = XCBuildConfiguration;
			buildSettings = {
				ASSETCATALOG_COMPILER_APPICON_NAME = AppIcon;
				ASSETCATALOG_COMPILER_GLOBAL_ACCENT_COLOR_NAME = AccentColor;
				CODE_SIGN_STYLE = Automatic;
				CURRENT_PROJECT_VERSION = 1;
				DEVELOPMENT_TEAM = 3YQX667AM4;
				GENERATE_INFOPLIST_FILE = YES;
				INFOPLIST_FILE = testMVVM2/Info.plist;
				INFOPLIST_KEY_UIApplicationSupportsIndirectInputEvents = YES;
				INFOPLIST_KEY_UILaunchStoryboardName = LaunchScreen;
				INFOPLIST_KEY_UIMainStoryboardFile = Main;
				INFOPLIST_KEY_UISupportedInterfaceOrientations_iPad = "UIInterfaceOrientationPortrait UIInterfaceOrientationPortraitUpsideDown UIInterfaceOrientationLandscapeLeft UIInterfaceOrientationLandscapeRight";
				INFOPLIST_KEY_UISupportedInterfaceOrientations_iPhone = "UIInterfaceOrientationPortrait UIInterfaceOrientationLandscapeLeft UIInterfaceOrientationLandscapeRight";
				LD_RUNPATH_SEARCH_PATHS = (
					"$(inherited)",
					"@executable_path/Frameworks",
				);
				MARKETING_VERSION = 1.0;
				PRODUCT_BUNDLE_IDENTIFIER = com.musictheater.testMVVM2;
				PRODUCT_NAME = "$(TARGET_NAME)";
				SWIFT_EMIT_LOC_STRINGS = YES;
				SWIFT_VERSION = 5.0;
				TARGETED_DEVICE_FAMILY = "1,2";
			};
			name = Release;
		};
		2354C4D32A3890C80091A511 /* Debug */ = {
			isa = XCBuildConfiguration;
			buildSettings = {
				ALWAYS_EMBED_SWIFT_STANDARD_LIBRARIES = YES;
				BUNDLE_LOADER = "$(TEST_HOST)";
				CODE_SIGN_STYLE = Automatic;
				CURRENT_PROJECT_VERSION = 1;
				DEVELOPMENT_TEAM = 3YQX667AM4;
				GENERATE_INFOPLIST_FILE = YES;
				IPHONEOS_DEPLOYMENT_TARGET = 16.2;
				MARKETING_VERSION = 1.0;
				PRODUCT_BUNDLE_IDENTIFIER = com.musictheater.testMVVM2Tests;
				PRODUCT_NAME = "$(TARGET_NAME)";
				SWIFT_EMIT_LOC_STRINGS = NO;
				SWIFT_VERSION = 5.0;
				TARGETED_DEVICE_FAMILY = "1,2";
				TEST_HOST = "$(BUILT_PRODUCTS_DIR)/testMVVM2.app/$(BUNDLE_EXECUTABLE_FOLDER_PATH)/testMVVM2";
			};
			name = Debug;
		};
		2354C4D42A3890C80091A511 /* Release */ = {
			isa = XCBuildConfiguration;
			buildSettings = {
				ALWAYS_EMBED_SWIFT_STANDARD_LIBRARIES = YES;
				BUNDLE_LOADER = "$(TEST_HOST)";
				CODE_SIGN_STYLE = Automatic;
				CURRENT_PROJECT_VERSION = 1;
				DEVELOPMENT_TEAM = 3YQX667AM4;
				GENERATE_INFOPLIST_FILE = YES;
				IPHONEOS_DEPLOYMENT_TARGET = 16.2;
				MARKETING_VERSION = 1.0;
				PRODUCT_BUNDLE_IDENTIFIER = com.musictheater.testMVVM2Tests;
				PRODUCT_NAME = "$(TARGET_NAME)";
				SWIFT_EMIT_LOC_STRINGS = NO;
				SWIFT_VERSION = 5.0;
				TARGETED_DEVICE_FAMILY = "1,2";
				TEST_HOST = "$(BUILT_PRODUCTS_DIR)/testMVVM2.app/$(BUNDLE_EXECUTABLE_FOLDER_PATH)/testMVVM2";
			};
			name = Release;
		};
		2354C4D62A3890C80091A511 /* Debug */ = {
			isa = XCBuildConfiguration;
			buildSettings = {
				ALWAYS_EMBED_SWIFT_STANDARD_LIBRARIES = YES;
				CODE_SIGN_STYLE = Automatic;
				CURRENT_PROJECT_VERSION = 1;
				DEVELOPMENT_TEAM = 3YQX667AM4;
				GENERATE_INFOPLIST_FILE = YES;
				MARKETING_VERSION = 1.0;
				PRODUCT_BUNDLE_IDENTIFIER = com.musictheater.testMVVM2UITests;
				PRODUCT_NAME = "$(TARGET_NAME)";
				SWIFT_EMIT_LOC_STRINGS = NO;
				SWIFT_VERSION = 5.0;
				TARGETED_DEVICE_FAMILY = "1,2";
				TEST_TARGET_NAME = testMVVM2;
			};
			name = Debug;
		};
		2354C4D72A3890C80091A511 /* Release */ = {
			isa = XCBuildConfiguration;
			buildSettings = {
				ALWAYS_EMBED_SWIFT_STANDARD_LIBRARIES = YES;
				CODE_SIGN_STYLE = Automatic;
				CURRENT_PROJECT_VERSION = 1;
				DEVELOPMENT_TEAM = 3YQX667AM4;
				GENERATE_INFOPLIST_FILE = YES;
				MARKETING_VERSION = 1.0;
				PRODUCT_BUNDLE_IDENTIFIER = com.musictheater.testMVVM2UITests;
				PRODUCT_NAME = "$(TARGET_NAME)";
				SWIFT_EMIT_LOC_STRINGS = NO;
				SWIFT_VERSION = 5.0;
				TARGETED_DEVICE_FAMILY = "1,2";
				TEST_TARGET_NAME = testMVVM2;
			};
			name = Release;
		};
/* End XCBuildConfiguration section */

/* Begin XCConfigurationList section */
		2354C4A02A3890C70091A511 /* Build configuration list for PBXProject "testMVVM2" */ = {
			isa = XCConfigurationList;
			buildConfigurations = (
				2354C4CD2A3890C80091A511 /* Debug */,
				2354C4CE2A3890C80091A511 /* Release */,
			);
			defaultConfigurationIsVisible = 0;
			defaultConfigurationName = Release;
		};
		2354C4CF2A3890C80091A511 /* Build configuration list for PBXNativeTarget "testMVVM2" */ = {
			isa = XCConfigurationList;
			buildConfigurations = (
				2354C4D02A3890C80091A511 /* Debug */,
				2354C4D12A3890C80091A511 /* Release */,
			);
			defaultConfigurationIsVisible = 0;
			defaultConfigurationName = Release;
		};
		2354C4D22A3890C80091A511 /* Build configuration list for PBXNativeTarget "testMVVM2Tests" */ = {
			isa = XCConfigurationList;
			buildConfigurations = (
				2354C4D32A3890C80091A511 /* Debug */,
				2354C4D42A3890C80091A511 /* Release */,
			);
			defaultConfigurationIsVisible = 0;
			defaultConfigurationName = Release;
		};
		2354C4D52A3890C80091A511 /* Build configuration list for PBXNativeTarget "testMVVM2UITests" */ = {
			isa = XCConfigurationList;
			buildConfigurations = (
				2354C4D62A3890C80091A511 /* Debug */,
				2354C4D72A3890C80091A511 /* Release */,
			);
			defaultConfigurationIsVisible = 0;
			defaultConfigurationName = Release;
		};
/* End XCConfigurationList section */
	};
	rootObject = 2354C49D2A3890C70091A511 /* Project object */;
}
